
Microsoft Visual Studio Solution File, Format Version 12.00
# Visual Studio Version 16
VisualStudioVersion = 16.0.31112.23
MinimumVisualStudioVersion = 10.0.40219.1
Project("{FAE04EC0-301F-11D3-BF4B-00C04F79EFBC}") = "fileTest", "fileTest\fileTest.csproj", "{01ED46E7-817A-4236-8E0B-2C2A718A0E47}"
EndProject
Global
	GlobalSection(SolutionConfigurationPlatforms) = preSolution
		Debug|Any CPU = Debug|Any CPU
		Release|Any CPU = Release|Any CPU
	EndGlobalSection
	GlobalSection(ProjectConfigurationPlatforms) = postSolution
		{01ED46E7-817A-4236-8E0B-2C2A718A0E47}.Debug|Any CPU.ActiveCfg = Debug|Any CPU
		{01ED46E7-817A-4236-8E0B-2C2A718A0E47}.Debug|Any CPU.Build.0 = Debug|Any CPU
		{01ED46E7-817A-4236-8E0B-2C2A718A0E47}.Release|Any CPU.ActiveCfg = Release|Any CPU
		{01ED46E7-817A-4236-8E0B-2C2A718A0E47}.Release|Any CPU.Build.0 = Release|Any CPU
	EndGlobalSection
	GlobalSection(SolutionProperties) = preSolution
		HideSolutionNode = FALSE
	EndGlobalSection
	GlobalSection(ExtensibilityGlobals) = postSolution
		SolutionGuid = {5A535EA5-64AA-46D0-8916-AF5EA031B259}
	EndGlobalSection
EndGlobal
